# This file is automatically @generated by Wally.
# It is not intended for manual editing.
registry = "test"

[[package]]
name = "evaera/promise"
version = "4.0.0"
dependencies = []

[[package]]
name = "onur/dieteventgame"
version = "0.1.0"
dependencies = [["t", "osyrisrblx/t@3.1.1"], ["Lyra", "paradoxum-games/lyra@0.6.0"]]

[[package]]
name = "osyrisrblx/t"
version = "3.1.1"
dependencies = []

[[package]]
name = "paradoxum-games/lyra"
version = "0.6.0"
dependencies = [["t", "osyrisrblx/t@3.1.1"], ["Promise", "evaera/promise@4.0.0"]]
